
Microsoft Visual Studio Solution File, Format Version 12.00
# Visual Studio Version 16
VisualStudioVersion = 16.0.30611.23
MinimumVisualStudioVersion = 10.0.40219.1
Project("{FAE04EC0-301F-11D3-BF4B-00C04F79EFBC}") = "ConsoleApp1", "ConsoleApp1\ConsoleApp1.csproj", "{AA9EB04C-E8E4-4408-B891-7A8B31FBAA48}"
EndProject
Global
	GlobalSection(SolutionConfigurationPlatforms) = preSolution
		Debug|Any CPU = Debug|Any CPU
		Release|Any CPU = Release|Any CPU
	EndGlobalSection
	GlobalSection(ProjectConfigurationPlatforms) = postSolution
		{AA9EB04C-E8E4-4408-B891-7A8B31FBAA48}.Debug|Any CPU.ActiveCfg = Debug|Any CPU
		{AA9EB04C-E8E4-4408-B891-7A8B31FBAA48}.Debug|Any CPU.Build.0 = Debug|Any CPU
		{AA9EB04C-E8E4-4408-B891-7A8B31FBAA48}.Release|Any CPU.ActiveCfg = Release|Any CPU
		{AA9EB04C-E8E4-4408-B891-7A8B31FBAA48}.Release|Any CPU.Build.0 = Release|Any CPU
	EndGlobalSection
	GlobalSection(SolutionProperties) = preSolution
		HideSolutionNode = FALSE
	EndGlobalSection
	GlobalSection(ExtensibilityGlobals) = postSolution
		SolutionGuid = {9F8F20BE-0DB6-4C39-A68D-763BEB156B57}
	EndGlobalSection
EndGlobal
