
Microsoft Visual Studio Solution File, Format Version 12.00
# Visual Studio Version 16
VisualStudioVersion = 16.0.30711.63
MinimumVisualStudioVersion = 10.0.40219.1
Project("{FAE04EC0-301F-11D3-BF4B-00C04F79EFBC}") = "ConsoleApp6", "ConsoleApp6\ConsoleApp6.csproj", "{71F6972D-AEB5-4939-B15F-93AA0CC4A5F1}"
EndProject
Global
	GlobalSection(SolutionConfigurationPlatforms) = preSolution
		Debug|Any CPU = Debug|Any CPU
		Release|Any CPU = Release|Any CPU
	EndGlobalSection
	GlobalSection(ProjectConfigurationPlatforms) = postSolution
		{71F6972D-AEB5-4939-B15F-93AA0CC4A5F1}.Debug|Any CPU.ActiveCfg = Debug|Any CPU
		{71F6972D-AEB5-4939-B15F-93AA0CC4A5F1}.Debug|Any CPU.Build.0 = Debug|Any CPU
		{71F6972D-AEB5-4939-B15F-93AA0CC4A5F1}.Release|Any CPU.ActiveCfg = Release|Any CPU
		{71F6972D-AEB5-4939-B15F-93AA0CC4A5F1}.Release|Any CPU.Build.0 = Release|Any CPU
	EndGlobalSection
	GlobalSection(SolutionProperties) = preSolution
		HideSolutionNode = FALSE
	EndGlobalSection
	GlobalSection(ExtensibilityGlobals) = postSolution
		SolutionGuid = {BAF668BE-019E-4356-A265-200A1719AF9E}
	EndGlobalSection
EndGlobal
